
Microsoft Visual Studio Solution File, Format Version 12.00
# Visual Studio Version 16
VisualStudioVersion = 16.0.30104.148
MinimumVisualStudioVersion = 10.0.40219.1
Project("{FAE04EC0-301F-11D3-BF4B-00C04F79EFBC}") = "Garage3", "Garage3\Garage3.csproj", "{AA9FF840-30CB-41F7-BBD8-D8067A649609}"
EndProject
Global
	GlobalSection(SolutionConfigurationPlatforms) = preSolution
		Debug|Any CPU = Debug|Any CPU
		Release|Any CPU = Release|Any CPU
	EndGlobalSection
	GlobalSection(ProjectConfigurationPlatforms) = postSolution
		{AA9FF840-30CB-41F7-BBD8-D8067A649609}.Debug|Any CPU.ActiveCfg = Debug|Any CPU
		{AA9FF840-30CB-41F7-BBD8-D8067A649609}.Debug|Any CPU.Build.0 = Debug|Any CPU
		{AA9FF840-30CB-41F7-BBD8-D8067A649609}.Release|Any CPU.ActiveCfg = Release|Any CPU
		{AA9FF840-30CB-41F7-BBD8-D8067A649609}.Release|Any CPU.Build.0 = Release|Any CPU
	EndGlobalSection
	GlobalSection(SolutionProperties) = preSolution
		HideSolutionNode = FALSE
	EndGlobalSection
	GlobalSection(ExtensibilityGlobals) = postSolution
		SolutionGuid = {BC9723B8-C7A4-4DC2-B541-968BD0B0061D}
	EndGlobalSection
EndGlobal
